
Microsoft Visual Studio Solution File, Format Version 12.00
# Visual Studio 2013
VisualStudioVersion = 12.0.21005.1
MinimumVisualStudioVersion = 10.0.40219.1
Project("{FAE04EC0-301F-11D3-BF4B-00C04F79EFBC}") = "StudentsApp", "StudentsApp\StudentsApp.csproj", "{F35BC670-78B8-412F-94F1-F1E3881A09EB}"
EndProject
Project("{FAE04EC0-301F-11D3-BF4B-00C04F79EFBC}") = "StudentTest", "StudentTest\StudentTest.csproj", "{7A93C5B9-A47D-4230-AC9D-13E442891CE4}"
EndProject
Global
	GlobalSection(SolutionConfigurationPlatforms) = preSolution
		Debug|Any CPU = Debug|Any CPU
		Release|Any CPU = Release|Any CPU
	EndGlobalSection
	GlobalSection(ProjectConfigurationPlatforms) = postSolution
		{F35BC670-78B8-412F-94F1-F1E3881A09EB}.Debug|Any CPU.ActiveCfg = Debug|Any CPU
		{F35BC670-78B8-412F-94F1-F1E3881A09EB}.Debug|Any CPU.Build.0 = Debug|Any CPU
		{F35BC670-78B8-412F-94F1-F1E3881A09EB}.Release|Any CPU.ActiveCfg = Release|Any CPU
		{F35BC670-78B8-412F-94F1-F1E3881A09EB}.Release|Any CPU.Build.0 = Release|Any CPU
		{7A93C5B9-A47D-4230-AC9D-13E442891CE4}.Debug|Any CPU.ActiveCfg = Debug|Any CPU
		{7A93C5B9-A47D-4230-AC9D-13E442891CE4}.Debug|Any CPU.Build.0 = Debug|Any CPU
		{7A93C5B9-A47D-4230-AC9D-13E442891CE4}.Release|Any CPU.ActiveCfg = Release|Any CPU
		{7A93C5B9-A47D-4230-AC9D-13E442891CE4}.Release|Any CPU.Build.0 = Release|Any CPU
	EndGlobalSection
	GlobalSection(SolutionProperties) = preSolution
		HideSolutionNode = FALSE
	EndGlobalSection
EndGlobal
